
Microsoft Visual Studio Solution File, Format Version 12.00
# Visual Studio Version 17
VisualStudioVersion = 17.5.33516.290
MinimumVisualStudioVersion = 10.0.40219.1
Project("{FAE04EC0-301F-11D3-BF4B-00C04F79EFBC}") = "Teorie1", "Teorie1.csproj", "{AF9860F3-1B7A-45F7-8E40-D5D7F6E974B7}"
EndProject
Global
	GlobalSection(SolutionConfigurationPlatforms) = preSolution
		Debug|Any CPU = Debug|Any CPU
		Release|Any CPU = Release|Any CPU
	EndGlobalSection
	GlobalSection(ProjectConfigurationPlatforms) = postSolution
		{AF9860F3-1B7A-45F7-8E40-D5D7F6E974B7}.Debug|Any CPU.ActiveCfg = Debug|Any CPU
		{AF9860F3-1B7A-45F7-8E40-D5D7F6E974B7}.Debug|Any CPU.Build.0 = Debug|Any CPU
		{AF9860F3-1B7A-45F7-8E40-D5D7F6E974B7}.Release|Any CPU.ActiveCfg = Release|Any CPU
		{AF9860F3-1B7A-45F7-8E40-D5D7F6E974B7}.Release|Any CPU.Build.0 = Release|Any CPU
	EndGlobalSection
	GlobalSection(SolutionProperties) = preSolution
		HideSolutionNode = FALSE
	EndGlobalSection
	GlobalSection(ExtensibilityGlobals) = postSolution
		SolutionGuid = {F86C18C9-813E-45A9-8BE0-7CDCC1BCD122}
	EndGlobalSection
EndGlobal
