
Microsoft Visual Studio Solution File, Format Version 12.00
# Visual Studio Version 17
VisualStudioVersion = 17.8.34601.278
MinimumVisualStudioVersion = 10.0.40219.1
Project("{FAE04EC0-301F-11D3-BF4B-00C04F79EFBC}") = "DrawingTest", "DrawingTest.csproj", "{9E864D1E-286A-4019-8630-16623C0C4853}"
EndProject
Global
	GlobalSection(SolutionConfigurationPlatforms) = preSolution
		Debug|Any CPU = Debug|Any CPU
		Release|Any CPU = Release|Any CPU
	EndGlobalSection
	GlobalSection(ProjectConfigurationPlatforms) = postSolution
		{9E864D1E-286A-4019-8630-16623C0C4853}.Debug|Any CPU.ActiveCfg = Debug|Any CPU
		{9E864D1E-286A-4019-8630-16623C0C4853}.Debug|Any CPU.Build.0 = Debug|Any CPU
		{9E864D1E-286A-4019-8630-16623C0C4853}.Release|Any CPU.ActiveCfg = Release|Any CPU
		{9E864D1E-286A-4019-8630-16623C0C4853}.Release|Any CPU.Build.0 = Release|Any CPU
	EndGlobalSection
	GlobalSection(SolutionProperties) = preSolution
		HideSolutionNode = FALSE
	EndGlobalSection
	GlobalSection(ExtensibilityGlobals) = postSolution
		SolutionGuid = {78E6CC20-914C-4A84-8964-61223C5F10E5}
	EndGlobalSection
EndGlobal
